// !$*UTF8*$!
{
	archiveVersion = 1;
	classes = {
	};
	objectVersion = 46;
	objects = {

/* Begin PBXBuildFile section */
		D074A06B1B0CE4CA00B8A80D /* AppDelegate.swift in Sources */ = {isa = PBXBuildFile; fileRef = D074A06A1B0CE4CA00B8A80D /* AppDelegate.swift */; };
		D074A06D1B0CE4CA00B8A80D /* ViewController.swift in Sources */ = {isa = PBXBuildFile; fileRef = D074A06C1B0CE4CA00B8A80D /* ViewController.swift */; };
		D074A0701B0CE4CA00B8A80D /* Main.storyboard in Resources */ = {isa = PBXBuildFile; fileRef = D074A06E1B0CE4CA00B8A80D /* Main.storyboard */; };
		D074A0721B0CE4CA00B8A80D /* Images.xcassets in Resources */ = {isa = PBXBuildFile; fileRef = D074A0711B0CE4CA00B8A80D /* Images.xcassets */; };
		D074A0751B0CE4CA00B8A80D /* LaunchScreen.xib in Resources */ = {isa = PBXBuildFile; fileRef = D074A0731B0CE4CA00B8A80D /* LaunchScreen.xib */; };
		D074A0811B0CE4CA00B8A80D /* Map_DemoTests.swift in Sources */ = {isa = PBXBuildFile; fileRef = D074A0801B0CE4CA00B8A80D /* Map_DemoTests.swift */; };
		D074A08B1B0CEF2900B8A80D /* CoreLocation.framework in Frameworks */ = {isa = PBXBuildFile; fileRef = D074A08A1B0CEF2900B8A80D /* CoreLocation.framework */; };
/* End PBXBuildFile section */

/* Begin PBXContainerItemProxy section */
		D074A07B1B0CE4CA00B8A80D /* PBXContainerItemProxy */ = {
			isa = PBXContainerItemProxy;
			containerPortal = D074A05D1B0CE4CA00B8A80D /* Project object */;
			proxyType = 1;
			remoteGlobalIDString = D074A0641B0CE4CA00B8A80D;
			remoteInfo = "Map Demo";
		};
/* End PBXContainerItemProxy section */

/* Begin PBXFileReference section */
		D074A0651B0CE4CA00B8A80D /* Map Demo.app */ = {isa = PBXFileReference; explicitFileType = wrapper.application; includeInIndex = 0; path = "Map Demo.app"; sourceTree = BUILT_PRODUCTS_DIR; };
		D074A0691B0CE4CA00B8A80D /* Info.plist */ = {isa = PBXFileReference; lastKnownFileType = text.plist.xml; path = Info.plist; sourceTree = "<group>"; };
		D074A06A1B0CE4CA00B8A80D /* AppDelegate.swift */ = {isa = PBXFileReference; lastKnownFileType = sourcecode.swift; path = AppDelegate.swift; sourceTree = "<group>"; };
		D074A06C1B0CE4CA00B8A80D /* ViewController.swift */ = {isa = PBXFileReference; lastKnownFileType = sourcecode.swift; path = ViewController.swift; sourceTree = "<group>"; };
		D074A06F1B0CE4CA00B8A80D /* Base */ = {isa = PBXFileReference; lastKnownFileType = file.storyboard; name = Base; path = Base.lproj/Main.storyboard; sourceTree = "<group>"; };
		D074A0711B0CE4CA00B8A80D /* Images.xcassets */ = {isa = PBXFileReference; lastKnownFileType = folder.assetcatalog; path = Images.xcassets; sourceTree = "<group>"; };
		D074A0741B0CE4CA00B8A80D /* Base */ = {isa = PBXFileReference; lastKnownFileType = file.xib; name = Base; path = Base.lproj/LaunchScreen.xib; sourceTree = "<group>"; };
		D074A07A1B0CE4CA00B8A80D /* Map DemoTests.xctest */ = {isa = PBXFileReference; explicitFileType = wrapper.cfbundle; includeInIndex = 0; path = "Map DemoTests.xctest"; sourceTree = BUILT_PRODUCTS_DIR; };
		D074A07F1B0CE4CA00B8A80D /* Info.plist */ = {isa = PBXFileReference; lastKnownFileType = text.plist.xml; path = Info.plist; sourceTree = "<group>"; };
		D074A0801B0CE4CA00B8A80D /* Map_DemoTests.swift */ = {isa = PBXFileReference; lastKnownFileType = sourcecode.swift; path = Map_DemoTests.swift; sourceTree = "<group>"; };
		D074A08A1B0CEF2900B8A80D /* CoreLocation.framework */ = {isa = PBXFileReference; lastKnownFileType = wrapper.framework; name = CoreLocation.framework; path = System/Library/Frameworks/CoreLocation.framework; sourceTree = SDKROOT; };
/* End PBXFileReference section */

/* Begin PBXFrameworksBuildPhase section */
		D074A0621B0CE4CA00B8A80D /* Frameworks */ = {
			isa = PBXFrameworksBuildPhase;
			buildActionMask = 2147483647;
			files = (
				D074A08B1B0CEF2900B8A80D /* CoreLocation.framework in Frameworks */,
			);
			runOnlyForDeploymentPostprocessing = 0;
		};
		D074A0771B0CE4CA00B8A80D /* Frameworks */ = {
			isa = PBXFrameworksBuildPhase;
			buildActionMask = 2147483647;
			files = (
			);
			runOnlyForDeploymentPostprocessing = 0;
		};
/* End PBXFrameworksBuildPhase section */

/* Begin PBXGroup section */
		D074A05C1B0CE4CA00B8A80D = {
			isa = PBXGroup;
			children = (
				D074A08A1B0CEF2900B8A80D /* CoreLocation.framework */,
				D074A0671B0CE4CA00B8A80D /* Map Demo */,
				D074A07D1B0CE4CA00B8A80D /* Map DemoTests */,
				D074A0661B0CE4CA00B8A80D /* Products */,
			);
			sourceTree = "<group>";
		};
		D074A0661B0CE4CA00B8A80D /* Products */ = {
			isa = PBXGroup;
			children = (
				D074A0651B0CE4CA00B8A80D /* Map Demo.app */,
				D074A07A1B0CE4CA00B8A80D /* Map DemoTests.xctest */,
			);
			name = Products;
			sourceTree = "<group>";
		};
		D074A0671B0CE4CA00B8A80D /* Map Demo */ = {
			isa = PBXGroup;
			children = (
				D074A06A1B0CE4CA00B8A80D /* AppDelegate.swift */,
				D074A06C1B0CE4CA00B8A80D /* ViewController.swift */,
				D074A06E1B0CE4CA00B8A80D /* Main.storyboard */,
				D074A0711B0CE4CA00B8A80D /* Images.xcassets */,
				D074A0731B0CE4CA00B8A80D /* LaunchScreen.xib */,
				D074A0681B0CE4CA00B8A80D /* Supporting Files */,
			);
			path = "Map Demo";
			sourceTree = "<group>";
		};
		D074A0681B0CE4CA00B8A80D /* Supporting Files */ = {
			isa = PBXGroup;
			children = (
				D074A0691B0CE4CA00B8A80D /* Info.plist */,
			);
			name = "Supporting Files";
			sourceTree = "<group>";
		};
		D074A07D1B0CE4CA00B8A80D /* Map DemoTests */ = {
			isa = PBXGroup;
			children = (
				D074A0801B0CE4CA00B8A80D /* Map_DemoTests.swift */,
				D074A07E1B0CE4CA00B8A80D /* Supporting Files */,
			);
			path = "Map DemoTests";
			sourceTree = "<group>";
		};
		D074A07E1B0CE4CA00B8A80D /* Supporting Files */ = {
			isa = PBXGroup;
			children = (
				D074A07F1B0CE4CA00B8A80D /* Info.plist */,
			);
			name = "Supporting Files";
			sourceTree = "<group>";
		};
/* End PBXGroup section */

/* Begin PBXNativeTarget section */
		D074A0641B0CE4CA00B8A80D /* Map Demo */ = {
			isa = PBXNativeTarget;
			buildConfigurationList = D074A0841B0CE4CA00B8A80D /* Build configuration list for PBXNativeTarget "Map Demo" */;
			buildPhases = (
				D074A0611B0CE4CA00B8A80D /* Sources */,
				D074A0621B0CE4CA00B8A80D /* Frameworks */,
				D074A0631B0CE4CA00B8A80D /* Resources */,
			);
			buildRules = (
			);
			dependencies = (
			);
			name = "Map Demo";
			productName = "Map Demo";
			productReference = D074A0651B0CE4CA00B8A80D /* Map Demo.app */;
			productType = "com.apple.product-type.application";
		};
		D074A0791B0CE4CA00B8A80D /* Map DemoTests */ = {
			isa = PBXNativeTarget;
			buildConfigurationList = D074A0871B0CE4CA00B8A80D /* Build configuration list for PBXNativeTarget "Map DemoTests" */;
			buildPhases = (
				D074A0761B0CE4CA00B8A80D /* Sources */,
				D074A0771B0CE4CA00B8A80D /* Frameworks */,
				D074A0781B0CE4CA00B8A80D /* Resources */,
			);
			buildRules = (
			);
			dependencies = (
				D074A07C1B0CE4CA00B8A80D /* PBXTargetDependency */,
			);
			name = "Map DemoTests";
			productName = "Map DemoTests";
			productReference = D074A07A1B0CE4CA00B8A80D /* Map DemoTests.xctest */;
			productType = "com.apple.product-type.bundle.unit-test";
		};
/* End PBXNativeTarget section */

/* Begin PBXProject section */
		D074A05D1B0CE4CA00B8A80D /* Project object */ = {
			isa = PBXProject;
			attributes = {
				LastUpgradeCheck = 0630;
				ORGANIZATIONNAME = JMVapps;
				TargetAttributes = {
					D074A0641B0CE4CA00B8A80D = {
						CreatedOnToolsVersion = 6.3.2;
					};
					D074A0791B0CE4CA00B8A80D = {
						CreatedOnToolsVersion = 6.3.2;
						TestTargetID = D074A0641B0CE4CA00B8A80D;
					};
				};
			};
			buildConfigurationList = D074A0601B0CE4CA00B8A80D /* Build configuration list for PBXProject "Map Demo" */;
			compatibilityVersion = "Xcode 3.2";
			developmentRegion = English;
			hasScannedForEncodings = 0;
			knownRegions = (
				en,
				Base,
			);
			mainGroup = D074A05C1B0CE4CA00B8A80D;
			productRefGroup = D074A0661B0CE4CA00B8A80D /* Products */;
			projectDirPath = "";
			projectRoot = "";
			targets = (
				D074A0641B0CE4CA00B8A80D /* Map Demo */,
				D074A0791B0CE4CA00B8A80D /* Map DemoTests */,
			);
		};
/* End PBXProject section */

/* Begin PBXResourcesBuildPhase section */
		D074A0631B0CE4CA00B8A80D /* Resources */ = {
			isa = PBXResourcesBuildPhase;
			buildActionMask = 2147483647;
			files = (
				D074A0701B0CE4CA00B8A80D /* Main.storyboard in Resources */,
				D074A0751B0CE4CA00B8A80D /* LaunchScreen.xib in Resources */,
				D074A0721B0CE4CA00B8A80D /* Images.xcassets in Resources */,
			);
			runOnlyForDeploymentPostprocessing = 0;
		};
		D074A0781B0CE4CA00B8A80D /* Resources */ = {
			isa = PBXResourcesBuildPhase;
			buildActionMask = 2147483647;
			files = (
			);
			runOnlyForDeploymentPostprocessing = 0;
		};
/* End PBXResourcesBuildPhase section */

/* Begin PBXSourcesBuildPhase section */
		D074A0611B0CE4CA00B8A80D /* Sources */ = {
			isa = PBXSourcesBuildPhase;
			buildActionMask = 2147483647;
			files = (
				D074A06D1B0CE4CA00B8A80D /* ViewController.swift in Sources */,
				D074A06B1B0CE4CA00B8A80D /* AppDelegate.swift in Sources */,
			);
			runOnlyForDeploymentPostprocessing = 0;
		};
		D074A0761B0CE4CA00B8A80D /* Sources */ = {
			isa = PBXSourcesBuildPhase;
			buildActionMask = 2147483647;
			files = (
				D074A0811B0CE4CA00B8A80D /* Map_DemoTests.swift in Sources */,
			);
			runOnlyForDeploymentPostprocessing = 0;
		};
/* End PBXSourcesBuildPhase section */

/* Begin PBXTargetDependency section */
		D074A07C1B0CE4CA00B8A80D /* PBXTargetDependency */ = {
			isa = PBXTargetDependency;
			target = D074A0641B0CE4CA00B8A80D /* Map Demo */;
			targetProxy = D074A07B1B0CE4CA00B8A80D /* PBXContainerItemProxy */;
		};
/* End PBXTargetDependency section */

/* Begin PBXVariantGroup section */
		D074A06E1B0CE4CA00B8A80D /* Main.storyboard */ = {
			isa = PBXVariantGroup;
			children = (
				D074A06F1B0CE4CA00B8A80D /* Base */,
			);
			name = Main.storyboard;
			sourceTree = "<group>";
		};
		D074A0731B0CE4CA00B8A80D /* LaunchScreen.xib */ = {
			isa = PBXVariantGroup;
			children = (
				D074A0741B0CE4CA00B8A80D /* Base */,
			);
			name = LaunchScreen.xib;
			sourceTree = "<group>";
		};
/* End PBXVariantGroup section */

/* Begin XCBuildConfiguration section */
		D074A0821B0CE4CA00B8A80D /* Debug */ = {
			isa = XCBuildConfiguration;
			buildSettings = {
				ALWAYS_SEARCH_USER_PATHS = NO;
				CLANG_CXX_LANGUAGE_STANDARD = "gnu++0x";
				CLANG_CXX_LIBRARY = "libc++";
				CLANG_ENABLE_MODULES = YES;
				CLANG_ENABLE_OBJC_ARC = YES;
				CLANG_WARN_BOOL_CONVERSION = YES;
				CLANG_WARN_CONSTANT_CONVERSION = YES;
				CLANG_WARN_DIRECT_OBJC_ISA_USAGE = YES_ERROR;
				CLANG_WARN_EMPTY_BODY = YES;
				CLANG_WARN_ENUM_CONVERSION = YES;
				CLANG_WARN_INT_CONVERSION = YES;
				CLANG_WARN_OBJC_ROOT_CLASS = YES_ERROR;
				CLANG_WARN_UNREACHABLE_CODE = YES;
				CLANG_WARN__DUPLICATE_METHOD_MATCH = YES;
				"CODE_SIGN_IDENTITY[sdk=iphoneos*]" = "iPhone Developer";
				COPY_PHASE_STRIP = NO;
				DEBUG_INFORMATION_FORMAT = "dwarf-with-dsym";
				ENABLE_STRICT_OBJC_MSGSEND = YES;
				GCC_C_LANGUAGE_STANDARD = gnu99;
				GCC_DYNAMIC_NO_PIC = NO;
				GCC_NO_COMMON_BLOCKS = YES;
				GCC_OPTIMIZATION_LEVEL = 0;
				GCC_PREPROCESSOR_DEFINITIONS = (
					"DEBUG=1",
					"$(inherited)",
				);
				GCC_SYMBOLS_PRIVATE_EXTERN = NO;
				GCC_WARN_64_TO_32_BIT_CONVERSION = YES;
				GCC_WARN_ABOUT_RETURN_TYPE = YES_ERROR;
				GCC_WARN_UNDECLARED_SELECTOR = YES;
				GCC_WARN_UNINITIALIZED_AUTOS = YES_AGGRESSIVE;
				GCC_WARN_UNUSED_FUNCTION = YES;
				GCC_WARN_UNUSED_VARIABLE = YES;
				IPHONEOS_DEPLOYMENT_TARGET = 8.3;
				MTL_ENABLE_DEBUG_INFO = YES;
				ONLY_ACTIVE_ARCH = YES;
				SDKROOT = iphoneos;
				SWIFT_OPTIMIZATION_LEVEL = "-Onone";
			};
			name = Debug;
		};
		D074A0831B0CE4CA00B8A80D /* Release */ = {
			isa = XCBuildConfiguration;
			buildSettings = {
				ALWAYS_SEARCH_USER_PATHS = NO;
				CLANG_CXX_LANGUAGE_STANDARD = "gnu++0x";
				CLANG_CXX_LIBRARY = "libc++";
				CLANG_ENABLE_MODULES = YES;
				CLANG_ENABLE_OBJC_ARC = YES;
				CLANG_WARN_BOOL_CONVERSION = YES;
				CLANG_WARN_CONSTANT_CONVERSION = YES;
				CLANG_WARN_DIRECT_OBJC_ISA_USAGE = YES_ERROR;
				CLANG_WARN_EMPTY_BODY = YES;
				CLANG_WARN_ENUM_CONVERSION = YES;
				CLANG_WARN_INT_CONVERSION = YES;
				CLANG_WARN_OBJC_ROOT_CLASS = YES_ERROR;
				CLANG_WARN_UNREACHABLE_CODE = YES;
				CLANG_WARN__DUPLICATE_METHOD_MATCH = YES;
				"CODE_SIGN_IDENTITY[sdk=iphoneos*]" = "iPhone Developer";
				COPY_PHASE_STRIP = NO;
				DEBUG_INFORMATION_FORMAT = "dwarf-with-dsym";
				ENABLE_NS_ASSERTIONS = NO;
				ENABLE_STRICT_OBJC_MSGSEND = YES;
				GCC_C_LANGUAGE_STANDARD = gnu99;
				GCC_NO_COMMON_BLOCKS = YES;
				GCC_WARN_64_TO_32_BIT_CONVERSION = YES;
				GCC_WARN_ABOUT_RETURN_TYPE = YES_ERROR;
				GCC_WARN_UNDECLARED_SELECTOR = YES;
				GCC_WARN_UNINITIALIZED_AUTOS = YES_AGGRESSIVE;
				GCC_WARN_UNUSED_FUNCTION = YES;
				GCC_WARN_UNUSED_VARIABLE = YES;
				IPHONEOS_DEPLOYMENT_TARGET = 8.3;
				MTL_ENABLE_DEBUG_INFO = NO;
				SDKROOT = iphoneos;
				VALIDATE_PRODUCT = YES;
			};
			name = Release;
		};
		D074A0851B0CE4CA00B8A80D /* Debug */ = {
			isa = XCBuildConfiguration;
			buildSettings = {
				ASSETCATALOG_COMPILER_APPICON_NAME = AppIcon;
				INFOPLIST_FILE = "Map Demo/Info.plist";
				LD_RUNPATH_SEARCH_PATHS = "$(inherited) @executable_path/Frameworks";
				PRODUCT_NAME = "$(TARGET_NAME)";
			};
			name = Debug;
		};
		D074A0861B0CE4CA00B8A80D /* Release */ = {
			isa = XCBuildConfiguration;
			buildSettings = {
				ASSETCATALOG_COMPILER_APPICON_NAME = AppIcon;
				INFOPLIST_FILE = "Map Demo/Info.plist";
				LD_RUNPATH_SEARCH_PATHS = "$(inherited) @executable_path/Frameworks";
				PRODUCT_NAME = "$(TARGET_NAME)";
			};
			name = Release;
		};
		D074A0881B0CE4CA00B8A80D /* Debug */ = {
			isa = XCBuildConfiguration;
			buildSettings = {
				BUNDLE_LOADER = "$(TEST_HOST)";
				FRAMEWORK_SEARCH_PATHS = (
					"$(SDKROOT)/Developer/Library/Frameworks",
					"$(inherited)",
				);
				GCC_PREPROCESSOR_DEFINITIONS = (
					"DEBUG=1",
					"$(inherited)",
				);
				INFOPLIST_FILE = "Map DemoTests/Info.plist";
				LD_RUNPATH_SEARCH_PATHS = "$(inherited) @executable_path/Frameworks @loader_path/Frameworks";
				PRODUCT_NAME = "$(TARGET_NAME)";
				TEST_HOST = "$(BUILT_PRODUCTS_DIR)/Map Demo.app/Map Demo";
			};
			name = Debug;
		};
		D074A0891B0CE4CA00B8A80D /* Release */ = {
			isa = XCBuildConfiguration;
			buildSettings = {
				BUNDLE_LOADER = "$(TEST_HOST)";
				FRAMEWORK_SEARCH_PATHS = (
					"$(SDKROOT)/Developer/Library/Frameworks",
					"$(inherited)",
				);
				INFOPLIST_FILE = "Map DemoTests/Info.plist";
				LD_RUNPATH_SEARCH_PATHS = "$(inherited) @executable_path/Frameworks @loader_path/Frameworks";
				PRODUCT_NAME = "$(TARGET_NAME)";
				TEST_HOST = "$(BUILT_PRODUCTS_DIR)/Map Demo.app/Map Demo";
			};
			name = Release;
		};
/* End XCBuildConfiguration section */

/* Begin XCConfigurationList section */
		D074A0601B0CE4CA00B8A80D /* Build configuration list for PBXProject "Map Demo" */ = {
			isa = XCConfigurationList;
			buildConfigurations = (
				D074A0821B0CE4CA00B8A80D /* Debug */,
				D074A0831B0CE4CA00B8A80D /* Release */,
			);
			defaultConfigurationIsVisible = 0;
			defaultConfigurationName = Release;
		};
		D074A0841B0CE4CA00B8A80D /* Build configuration list for PBXNativeTarget "Map Demo" */ = {
			isa = XCConfigurationList;
			buildConfigurations = (
				D074A0851B0CE4CA00B8A80D /* Debug */,
				D074A0861B0CE4CA00B8A80D /* Release */,
			);
			defaultConfigurationIsVisible = 0;
		};
		D074A0871B0CE4CA00B8A80D /* Build configuration list for PBXNativeTarget "Map DemoTests" */ = {
			isa = XCConfigurationList;
			buildConfigurations = (
				D074A0881B0CE4CA00B8A80D /* Debug */,
				D074A0891B0CE4CA00B8A80D /* Release */,
			);
			defaultConfigurationIsVisible = 0;
		};
/* End XCConfigurationList section */
	};
	rootObject = D074A05D1B0CE4CA00B8A80D /* Project object */;
}
